dependencies:
- name: redis
  repository: https://charts.bitnami.com/bitnami
  version: 17.10.3
- name: solr
  repository: https://charts.bitnami.com/bitnami
  version: 7.4.2
- name: postgresql
  repository: https://charts.bitnami.com/bitnami
  version: 12.5.2
- name: datapusher
  repository: https://keitaro-charts.storage.googleapis.com
  version: 1.0.0
digest: sha256:67e665002ee89a1888daf7a4db02005b93877d0e91268763a97b4cfe0822fca0
generated: "2023-05-16T13:15:19.529329+03:00"
